// !$*UTF8*$!
{
	archiveVersion = 1;
	classes = {
	};
	objectVersion = 50;
	objects = {

/* Begin PBXBuildFile section */
		06D5182B24697542009A4A69 /* AppDelegate.swift in Sources */ = {isa = PBXBuildFile; fileRef = 06D5182A24697542009A4A69 /* AppDelegate.swift */; };
		06D5182D24697542009A4A69 /* SceneDelegate.swift in Sources */ = {isa = PBXBuildFile; fileRef = 06D5182C24697542009A4A69 /* SceneDelegate.swift */; };
		06D5183224697542009A4A69 /* Main.storyboard in Resources */ = {isa = PBXBuildFile; fileRef = 06D5183024697542009A4A69 /* Main.storyboard */; };
		06D5183424697544009A4A69 /* Assets.xcassets in Resources */ = {isa = PBXBuildFile; fileRef = 06D5183324697544009A4A69 /* Assets.xcassets */; };
		06D5183724697544009A4A69 /* LaunchScreen.storyboard in Resources */ = {isa = PBXBuildFile; fileRef = 06D5183524697544009A4A69 /* LaunchScreen.storyboard */; };
		06D51851246982DC009A4A69 /* ViewController.swift in Sources */ = {isa = PBXBuildFile; fileRef = 06D51850246982DC009A4A69 /* ViewController.swift */; };
		3137ED1C25914714CE2319D4 /* Pods_iOSAppCore.framework in Frameworks */ = {isa = PBXBuildFile; fileRef = A2CC9AAC6DFED4132B5DF3EB /* Pods_iOSAppCore.framework */; };
/* End PBXBuildFile section */

/* Begin PBXFileReference section */
		06D5182724697542009A4A69 /* iOSAppCore.app */ = {isa = PBXFileReference; explicitFileType = wrapper.application; includeInIndex = 0; path = iOSAppCore.app; sourceTree = BUILT_PRODUCTS_DIR; };
		06D5182A24697542009A4A69 /* AppDelegate.swift */ = {isa = PBXFileReference; lastKnownFileType = sourcecode.swift; path = AppDelegate.swift; sourceTree = "<group>"; };
		06D5182C24697542009A4A69 /* SceneDelegate.swift */ = {isa = PBXFileReference; lastKnownFileType = sourcecode.swift; path = SceneDelegate.swift; sourceTree = "<group>"; };
		06D5183124697542009A4A69 /* Base */ = {isa = PBXFileReference; lastKnownFileType = file.storyboard; name = Base; path = Base.lproj/Main.storyboard; sourceTree = "<group>"; };
		06D5183324697544009A4A69 /* Assets.xcassets */ = {isa = PBXFileReference; lastKnownFileType = folder.assetcatalog; path = Assets.xcassets; sourceTree = "<group>"; };
		06D5183624697544009A4A69 /* Base */ = {isa = PBXFileReference; lastKnownFileType = file.storyboard; name = Base; path = Base.lproj/LaunchScreen.storyboard; sourceTree = "<group>"; };
		06D5183824697544009A4A69 /* Info.plist */ = {isa = PBXFileReference; lastKnownFileType = text.plist.xml; path = Info.plist; sourceTree = "<group>"; };
		06D51850246982DC009A4A69 /* ViewController.swift */ = {isa = PBXFileReference; lastKnownFileType = sourcecode.swift; path = ViewController.swift; sourceTree = "<group>"; };
		55E872F8E49F3AE34E40E655 /* Pods-iOSAppCore.debug.xcconfig */ = {isa = PBXFileReference; includeInIndex = 1; lastKnownFileType = text.xcconfig; name = "Pods-iOSAppCore.debug.xcconfig"; path = "Pods/Target Support Files/Pods-iOSAppCore/Pods-iOSAppCore.debug.xcconfig"; sourceTree = "<group>"; };
		A2CC9AAC6DFED4132B5DF3EB /* Pods_iOSAppCore.framework */ = {isa = PBXFileReference; explicitFileType = wrapper.framework; includeInIndex = 0; path = Pods_iOSAppCore.framework; sourceTree = BUILT_PRODUCTS_DIR; };
		F48478940C18D39C59F1FF10 /* Pods-iOSAppCore.release.xcconfig */ = {isa = PBXFileReference; includeInIndex = 1; lastKnownFileType = text.xcconfig; name = "Pods-iOSAppCore.release.xcconfig"; path = "Pods/Target Support Files/Pods-iOSAppCore/Pods-iOSAppCore.release.xcconfig"; sourceTree = "<group>"; };
/* End PBXFileReference section */

/* Begin PBXFrameworksBuildPhase section */
		06D5182424697542009A4A69 /* Frameworks */ = {
			isa = PBXFrameworksBuildPhase;
			buildActionMask = 2147483647;
			files = (
				3137ED1C25914714CE2319D4 /* Pods_iOSAppCore.framework in Frameworks */,
			);
			runOnlyForDeploymentPostprocessing = 0;
		};
/* End PBXFrameworksBuildPhase section */

/* Begin PBXGroup section */
		06D5181E24697542009A4A69 = {
			isa = PBXGroup;
			children = (
				06D5182924697542009A4A69 /* iOSAppCore */,
				06D5182824697542009A4A69 /* Products */,
				942F76CE9BF0D52DB8CFACC5 /* Pods */,
				3B2F83A6F2AB7BA7704BDB73 /* Frameworks */,
			);
			sourceTree = "<group>";
		};
		06D5182824697542009A4A69 /* Products */ = {
			isa = PBXGroup;
			children = (
				06D5182724697542009A4A69 /* iOSAppCore.app */,
			);
			name = Products;
			sourceTree = "<group>";
		};
		06D5182924697542009A4A69 /* iOSAppCore */ = {
			isa = PBXGroup;
			children = (
				06D5182A24697542009A4A69 /* AppDelegate.swift */,
				06D5182C24697542009A4A69 /* SceneDelegate.swift */,
				06D5183024697542009A4A69 /* Main.storyboard */,
				06D51847246981D0009A4A69 /* Infrastructure */,
				06D51845246981C3009A4A69 /* Model */,
				06D51844246981BE009A4A69 /* Services */,
				06D51843246981B9009A4A69 /* ViewControllers */,
				06D51842246981B5009A4A69 /* Cells */,
				06D51841246981AF009A4A69 /* Views */,
				06D5183F246981A4009A4A69 /* Styles */,
				06D5183E2469818E009A4A69 /* Resources */,
				06D51850246982DC009A4A69 /* ViewController.swift */,
				06D5183324697544009A4A69 /* Assets.xcassets */,
				06D5183524697544009A4A69 /* LaunchScreen.storyboard */,
				06D5183824697544009A4A69 /* Info.plist */,
			);
			path = iOSAppCore;
			sourceTree = "<group>";
		};
		06D5183E2469818E009A4A69 /* Resources */ = {
			isa = PBXGroup;
			children = (
			);
			path = Resources;
			sourceTree = "<group>";
		};
		06D5183F246981A4009A4A69 /* Styles */ = {
			isa = PBXGroup;
			children = (
			);
			path = Styles;
			sourceTree = "<group>";
		};
		06D51841246981AF009A4A69 /* Views */ = {
			isa = PBXGroup;
			children = (
			);
			path = Views;
			sourceTree = "<group>";
		};
		06D51842246981B5009A4A69 /* Cells */ = {
			isa = PBXGroup;
			children = (
			);
			path = Cells;
			sourceTree = "<group>";
		};
		06D51843246981B9009A4A69 /* ViewControllers */ = {
			isa = PBXGroup;
			children = (
			);
			path = ViewControllers;
			sourceTree = "<group>";
		};
		06D51844246981BE009A4A69 /* Services */ = {
			isa = PBXGroup;
			children = (
			);
			path = Services;
			sourceTree = "<group>";
		};
		06D51845246981C3009A4A69 /* Model */ = {
			isa = PBXGroup;
			children = (
			);
			path = Model;
			sourceTree = "<group>";
		};
		06D51847246981D0009A4A69 /* Infrastructure */ = {
			isa = PBXGroup;
			children = (
				06D5184F24698209009A4A69 /* Core */,
				06D5184E24698205009A4A69 /* Protocols */,
				06D5184D246981FF009A4A69 /* Common */,
				06D5184C246981FB009A4A69 /* Components */,
				06D5184B246981F6009A4A69 /* Locale */,
				06D5184A246981F1009A4A69 /* SwiftExtensions */,
				06D51848246981D9009A4A69 /* Styles */,
			);
			path = Infrastructure;
			sourceTree = "<group>";
		};
		06D51848246981D9009A4A69 /* Styles */ = {
			isa = PBXGroup;
			children = (
			);
			path = Styles;
			sourceTree = "<group>";
		};
		06D5184A246981F1009A4A69 /* SwiftExtensions */ = {
			isa = PBXGroup;
			children = (
			);
			path = SwiftExtensions;
			sourceTree = "<group>";
		};
		06D5184B246981F6009A4A69 /* Locale */ = {
			isa = PBXGroup;
			children = (
			);
			path = Locale;
			sourceTree = "<group>";
		};
		06D5184C246981FB009A4A69 /* Components */ = {
			isa = PBXGroup;
			children = (
			);
			path = Components;
			sourceTree = "<group>";
		};
		06D5184D246981FF009A4A69 /* Common */ = {
			isa = PBXGroup;
			children = (
			);
			path = Common;
			sourceTree = "<group>";
		};
		06D5184E24698205009A4A69 /* Protocols */ = {
			isa = PBXGroup;
			children = (
			);
			path = Protocols;
			sourceTree = "<group>";
		};
		06D5184F24698209009A4A69 /* Core */ = {
			isa = PBXGroup;
			children = (
			);
			path = Core;
			sourceTree = "<group>";
		};
		3B2F83A6F2AB7BA7704BDB73 /* Frameworks */ = {
			isa = PBXGroup;
			children = (
				A2CC9AAC6DFED4132B5DF3EB /* Pods_iOSAppCore.framework */,
			);
			name = Frameworks;
			sourceTree = "<group>";
		};
		942F76CE9BF0D52DB8CFACC5 /* Pods */ = {
			isa = PBXGroup;
			children = (
				55E872F8E49F3AE34E40E655 /* Pods-iOSAppCore.debug.xcconfig */,
				F48478940C18D39C59F1FF10 /* Pods-iOSAppCore.release.xcconfig */,
			);
			name = Pods;
			sourceTree = "<group>";
		};
/* End PBXGroup section */

/* Begin PBXNativeTarget section */
		06D5182624697542009A4A69 /* iOSAppCore */ = {
			isa = PBXNativeTarget;
			buildConfigurationList = 06D5183B24697544009A4A69 /* Build configuration list for PBXNativeTarget "iOSAppCore" */;
			buildPhases = (
				572353EE0641CCFE8C3597B3 /* [CP] Check Pods Manifest.lock */,
				06D5182324697542009A4A69 /* Sources */,
				06D5182424697542009A4A69 /* Frameworks */,
				06D5182524697542009A4A69 /* Resources */,
				0EE8A2BBD7D4D09CC4438B0E /* [CP] Embed Pods Frameworks */,
			);
			buildRules = (
			);
			dependencies = (
			);
			name = iOSAppCore;
			productName = iOSAppCore;
			productReference = 06D5182724697542009A4A69 /* iOSAppCore.app */;
			productType = "com.apple.product-type.application";
		};
/* End PBXNativeTarget section */

/* Begin PBXProject section */
		06D5181F24697542009A4A69 /* Project object */ = {
			isa = PBXProject;
			attributes = {
				LastSwiftUpdateCheck = 1140;
				LastUpgradeCheck = 1140;
				ORGANIZATIONNAME = "Mostafa AlBelliehy";
				TargetAttributes = {
					06D5182624697542009A4A69 = {
						CreatedOnToolsVersion = 11.4;
					};
				};
			};
			buildConfigurationList = 06D5182224697542009A4A69 /* Build configuration list for PBXProject "iOSAppCore" */;
			compatibilityVersion = "Xcode 9.3";
			developmentRegion = en;
			hasScannedForEncodings = 0;
			knownRegions = (
				en,
				Base,
			);
			mainGroup = 06D5181E24697542009A4A69;
			productRefGroup = 06D5182824697542009A4A69 /* Products */;
			projectDirPath = "";
			projectRoot = "";
			targets = (
				06D5182624697542009A4A69 /* iOSAppCore */,
			);
		};
/* End PBXProject section */

/* Begin PBXResourcesBuildPhase section */
		06D5182524697542009A4A69 /* Resources */ = {
			isa = PBXResourcesBuildPhase;
			buildActionMask = 2147483647;
			files = (
				06D5183724697544009A4A69 /* LaunchScreen.storyboard in Resources */,
				06D5183424697544009A4A69 /* Assets.xcassets in Resources */,
				06D5183224697542009A4A69 /* Main.storyboard in Resources */,
			);
			runOnlyForDeploymentPostprocessing = 0;
		};
/* End PBXResourcesBuildPhase section */

/* Begin PBXShellScriptBuildPhase section */
		0EE8A2BBD7D4D09CC4438B0E /* [CP] Embed Pods Frameworks */ = {
			isa = PBXShellScriptBuildPhase;
			buildActionMask = 2147483647;
			files = (
			);
			inputPaths = (
				"${SRCROOT}/Pods/Target Support Files/Pods-iOSAppCore/Pods-iOSAppCore-frameworks.sh",
				"${BUILT_PRODUCTS_DIR}/Alamofire/Alamofire.framework",
				"${BUILT_PRODUCTS_DIR}/ReachabilitySwift/Reachability.framework",
			);
			name = "[CP] Embed Pods Frameworks";
			outputPaths = (
				"${TARGET_BUILD_DIR}/${FRAMEWORKS_FOLDER_PATH}/Alamofire.framework",
				"${TARGET_BUILD_DIR}/${FRAMEWORKS_FOLDER_PATH}/Reachability.framework",
			);
			runOnlyForDeploymentPostprocessing = 0;
			shellPath = /bin/sh;
			shellScript = "\"${SRCROOT}/Pods/Target Support Files/Pods-iOSAppCore/Pods-iOSAppCore-frameworks.sh\"\n";
			showEnvVarsInLog = 0;
		};
		572353EE0641CCFE8C3597B3 /* [CP] Check Pods Manifest.lock */ = {
			isa = PBXShellScriptBuildPhase;
			buildActionMask = 2147483647;
			files = (
			);
			inputPaths = (
				"${PODS_PODFILE_DIR_PATH}/Podfile.lock",
				"${PODS_ROOT}/Manifest.lock",
			);
			name = "[CP] Check Pods Manifest.lock";
			outputPaths = (
				"$(DERIVED_FILE_DIR)/Pods-iOSAppCore-checkManifestLockResult.txt",
			);
			runOnlyForDeploymentPostprocessing = 0;
			shellPath = /bin/sh;
			shellScript = "diff \"${PODS_PODFILE_DIR_PATH}/Podfile.lock\" \"${PODS_ROOT}/Manifest.lock\" > /dev/null\nif [ $? != 0 ] ; then\n    # print error to STDERR\n    echo \"error: The sandbox is not in sync with the Podfile.lock. Run 'pod install' or update your CocoaPods installation.\" >&2\n    exit 1\nfi\n# This output is used by Xcode 'outputs' to avoid re-running this script phase.\necho \"SUCCESS\" > \"${SCRIPT_OUTPUT_FILE_0}\"\n";
			showEnvVarsInLog = 0;
		};
/* End PBXShellScriptBuildPhase section */

/* Begin PBXSourcesBuildPhase section */
		06D5182324697542009A4A69 /* Sources */ = {
			isa = PBXSourcesBuildPhase;
			buildActionMask = 2147483647;
			files = (
				06D51851246982DC009A4A69 /* ViewController.swift in Sources */,
				06D5182B24697542009A4A69 /* AppDelegate.swift in Sources */,
				06D5182D24697542009A4A69 /* SceneDelegate.swift in Sources */,
			);
			runOnlyForDeploymentPostprocessing = 0;
		};
/* End PBXSourcesBuildPhase section */

/* Begin PBXVariantGroup section */
		06D5183024697542009A4A69 /* Main.storyboard */ = {
			isa = PBXVariantGroup;
			children = (
				06D5183124697542009A4A69 /* Base */,
			);
			name = Main.storyboard;
			sourceTree = "<group>";
		};
		06D5183524697544009A4A69 /* LaunchScreen.storyboard */ = {
			isa = PBXVariantGroup;
			children = (
				06D5183624697544009A4A69 /* Base */,
			);
			name = LaunchScreen.storyboard;
			sourceTree = "<group>";
		};
/* End PBXVariantGroup section */

/* Begin XCBuildConfiguration section */
		06D5183924697544009A4A69 /* Debug */ = {
			isa = XCBuildConfiguration;
			buildSettings = {
				ALWAYS_SEARCH_USER_PATHS = NO;
				CLANG_ANALYZER_NONNULL = YES;
				CLANG_ANALYZER_NUMBER_OBJECT_CONVERSION = YES_AGGRESSIVE;
				CLANG_CXX_LANGUAGE_STANDARD = "gnu++14";
				CLANG_CXX_LIBRARY = "libc++";
				CLANG_ENABLE_MODULES = YES;
				CLANG_ENABLE_OBJC_ARC = YES;
				CLANG_ENABLE_OBJC_WEAK = YES;
				CLANG_WARN_BLOCK_CAPTURE_AUTORELEASING = YES;
				CLANG_WARN_BOOL_CONVERSION = YES;
				CLANG_WARN_COMMA = YES;
				CLANG_WARN_CONSTANT_CONVERSION = YES;
				CLANG_WARN_DEPRECATED_OBJC_IMPLEMENTATIONS = YES;
				CLANG_WARN_DIRECT_OBJC_ISA_USAGE = YES_ERROR;
				CLANG_WARN_DOCUMENTATION_COMMENTS = YES;
				CLANG_WARN_EMPTY_BODY = YES;
				CLANG_WARN_ENUM_CONVERSION = YES;
				CLANG_WARN_INFINITE_RECURSION = YES;
				CLANG_WARN_INT_CONVERSION = YES;
				CLANG_WARN_NON_LITERAL_NULL_CONVERSION = YES;
				CLANG_WARN_OBJC_IMPLICIT_RETAIN_SELF = YES;
				CLANG_WARN_OBJC_LITERAL_CONVERSION = YES;
				CLANG_WARN_OBJC_ROOT_CLASS = YES_ERROR;
				CLANG_WARN_RANGE_LOOP_ANALYSIS = YES;
				CLANG_WARN_STRICT_PROTOTYPES = YES;
				CLANG_WARN_SUSPICIOUS_MOVE = YES;
				CLANG_WARN_UNGUARDED_AVAILABILITY = YES_AGGRESSIVE;
				CLANG_WARN_UNREACHABLE_CODE = YES;
				CLANG_WARN__DUPLICATE_METHOD_MATCH = YES;
				COPY_PHASE_STRIP = NO;
				DEBUG_INFORMATION_FORMAT = dwarf;
				ENABLE_STRICT_OBJC_MSGSEND = YES;
				ENABLE_TESTABILITY = YES;
				GCC_C_LANGUAGE_STANDARD = gnu11;
				GCC_DYNAMIC_NO_PIC = NO;
				GCC_NO_COMMON_BLOCKS = YES;
				GCC_OPTIMIZATION_LEVEL = 0;
				GCC_PREPROCESSOR_DEFINITIONS = (
					"DEBUG=1",
					"$(inherited)",
				);
				GCC_WARN_64_TO_32_BIT_CONVERSION = YES;
				GCC_WARN_ABOUT_RETURN_TYPE = YES_ERROR;
				GCC_WARN_UNDECLARED_SELECTOR = YES;
				GCC_WARN_UNINITIALIZED_AUTOS = YES_AGGRESSIVE;
				GCC_WARN_UNUSED_FUNCTION = YES;
				GCC_WARN_UNUSED_VARIABLE = YES;
				IPHONEOS_DEPLOYMENT_TARGET = 13.4;
				MTL_ENABLE_DEBUG_INFO = INCLUDE_SOURCE;
				MTL_FAST_MATH = YES;
				ONLY_ACTIVE_ARCH = YES;
				SDKROOT = iphoneos;
				SWIFT_ACTIVE_COMPILATION_CONDITIONS = DEBUG;
				SWIFT_OPTIMIZATION_LEVEL = "-Onone";
			};
			name = Debug;
		};
		06D5183A24697544009A4A69 /* Release */ = {
			isa = XCBuildConfiguration;
			buildSettings = {
				ALWAYS_SEARCH_USER_PATHS = NO;
				CLANG_ANALYZER_NONNULL = YES;
				CLANG_ANALYZER_NUMBER_OBJECT_CONVERSION = YES_AGGRESSIVE;
				CLANG_CXX_LANGUAGE_STANDARD = "gnu++14";
				CLANG_CXX_LIBRARY = "libc++";
				CLANG_ENABLE_MODULES = YES;
				CLANG_ENABLE_OBJC_ARC = YES;
				CLANG_ENABLE_OBJC_WEAK = YES;
				CLANG_WARN_BLOCK_CAPTURE_AUTORELEASING = YES;
				CLANG_WARN_BOOL_CONVERSION = YES;
				CLANG_WARN_COMMA = YES;
				CLANG_WARN_CONSTANT_CONVERSION = YES;
				CLANG_WARN_DEPRECATED_OBJC_IMPLEMENTATIONS = YES;
				CLANG_WARN_DIRECT_OBJC_ISA_USAGE = YES_ERROR;
				CLANG_WARN_DOCUMENTATION_COMMENTS = YES;
				CLANG_WARN_EMPTY_BODY = YES;
				CLANG_WARN_ENUM_CONVERSION = YES;
				CLANG_WARN_INFINITE_RECURSION = YES;
				CLANG_WARN_INT_CONVERSION = YES;
				CLANG_WARN_NON_LITERAL_NULL_CONVERSION = YES;
				CLANG_WARN_OBJC_IMPLICIT_RETAIN_SELF = YES;
				CLANG_WARN_OBJC_LITERAL_CONVERSION = YES;
				CLANG_WARN_OBJC_ROOT_CLASS = YES_ERROR;
				CLANG_WARN_RANGE_LOOP_ANALYSIS = YES;
				CLANG_WARN_STRICT_PROTOTYPES = YES;
				CLANG_WARN_SUSPICIOUS_MOVE = YES;
				CLANG_WARN_UNGUARDED_AVAILABILITY = YES_AGGRESSIVE;
				CLANG_WARN_UNREACHABLE_CODE = YES;
				CLANG_WARN__DUPLICATE_METHOD_MATCH = YES;
				COPY_PHASE_STRIP = NO;
				DEBUG_INFORMATION_FORMAT = "dwarf-with-dsym";
				ENABLE_NS_ASSERTIONS = NO;
				ENABLE_STRICT_OBJC_MSGSEND = YES;
				GCC_C_LANGUAGE_STANDARD = gnu11;
				GCC_NO_COMMON_BLOCKS = YES;
				GCC_WARN_64_TO_32_BIT_CONVERSION = YES;
				GCC_WARN_ABOUT_RETURN_TYPE = YES_ERROR;
				GCC_WARN_UNDECLARED_SELECTOR = YES;
				GCC_WARN_UNINITIALIZED_AUTOS = YES_AGGRESSIVE;
				GCC_WARN_UNUSED_FUNCTION = YES;
				GCC_WARN_UNUSED_VARIABLE = YES;
				IPHONEOS_DEPLOYMENT_TARGET = 13.4;
				MTL_ENABLE_DEBUG_INFO = NO;
				MTL_FAST_MATH = YES;
				SDKROOT = iphoneos;
				SWIFT_COMPILATION_MODE = wholemodule;
				SWIFT_OPTIMIZATION_LEVEL = "-O";
				VALIDATE_PRODUCT = YES;
			};
			name = Release;
		};
		06D5183C24697544009A4A69 /* Debug */ = {
			isa = XCBuildConfiguration;
			baseConfigurationReference = 55E872F8E49F3AE34E40E655 /* Pods-iOSAppCore.debug.xcconfig */;
			buildSettings = {
				ASSETCATALOG_COMPILER_APPICON_NAME = AppIcon;
				CODE_SIGN_STYLE = Automatic;
				INFOPLIST_FILE = iOSAppCore/Info.plist;
				LD_RUNPATH_SEARCH_PATHS = (
					"$(inherited)",
					"@executable_path/Frameworks",
				);
				PRODUCT_BUNDLE_IDENTIFIER = "com.mst-dev.iOSAppCore";
				PRODUCT_NAME = "$(TARGET_NAME)";
				SWIFT_VERSION = 5.0;
				TARGETED_DEVICE_FAMILY = "1,2";
			};
			name = Debug;
		};
		06D5183D24697544009A4A69 /* Release */ = {
			isa = XCBuildConfiguration;
			baseConfigurationReference = F48478940C18D39C59F1FF10 /* Pods-iOSAppCore.release.xcconfig */;
			buildSettings = {
				ASSETCATALOG_COMPILER_APPICON_NAME = AppIcon;
				CODE_SIGN_STYLE = Automatic;
				INFOPLIST_FILE = iOSAppCore/Info.plist;
				LD_RUNPATH_SEARCH_PATHS = (
					"$(inherited)",
					"@executable_path/Frameworks",
				);
				PRODUCT_BUNDLE_IDENTIFIER = "com.mst-dev.iOSAppCore";
				PRODUCT_NAME = "$(TARGET_NAME)";
				SWIFT_VERSION = 5.0;
				TARGETED_DEVICE_FAMILY = "1,2";
			};
			name = Release;
		};
/* End XCBuildConfiguration section */

/* Begin XCConfigurationList section */
		06D5182224697542009A4A69 /* Build configuration list for PBXProject "iOSAppCore" */ = {
			isa = XCConfigurationList;
			buildConfigurations = (
				06D5183924697544009A4A69 /* Debug */,
				06D5183A24697544009A4A69 /* Release */,
			);
			defaultConfigurationIsVisible = 0;
			defaultConfigurationName = Release;
		};
		06D5183B24697544009A4A69 /* Build configuration list for PBXNativeTarget "iOSAppCore" */ = {
			isa = XCConfigurationList;
			buildConfigurations = (
				06D5183C24697544009A4A69 /* Debug */,
				06D5183D24697544009A4A69 /* Release */,
			);
			defaultConfigurationIsVisible = 0;
			defaultConfigurationName = Release;
		};
/* End XCConfigurationList section */
	};
	rootObject = 06D5181F24697542009A4A69 /* Project object */;
}
